
Microsoft Visual Studio Solution File, Format Version 12.00
# Visual Studio Version 16
VisualStudioVersion = 16.0.31613.86
MinimumVisualStudioVersion = 10.0.40219.1
Project("{9A19103F-16F7-4668-BE54-9A1E7A4F7556}") = "CadastroFornecedores", "CadastroFornecedores.csproj", "{A7DCF0C4-1E4C-41F8-897C-67B72047D915}"
EndProject
Global
	GlobalSection(SolutionConfigurationPlatforms) = preSolution
		Debug|Any CPU = Debug|Any CPU
		Release|Any CPU = Release|Any CPU
	EndGlobalSection
	GlobalSection(ProjectConfigurationPlatforms) = postSolution
		{A7DCF0C4-1E4C-41F8-897C-67B72047D915}.Debug|Any CPU.ActiveCfg = Debug|Any CPU
		{A7DCF0C4-1E4C-41F8-897C-67B72047D915}.Debug|Any CPU.Build.0 = Debug|Any CPU
		{A7DCF0C4-1E4C-41F8-897C-67B72047D915}.Release|Any CPU.ActiveCfg = Release|Any CPU
		{A7DCF0C4-1E4C-41F8-897C-67B72047D915}.Release|Any CPU.Build.0 = Release|Any CPU
	EndGlobalSection
	GlobalSection(SolutionProperties) = preSolution
		HideSolutionNode = FALSE
	EndGlobalSection
	GlobalSection(ExtensibilityGlobals) = postSolution
		SolutionGuid = {EA890C83-03CC-4FCA-BFD1-EE907AE97D9D}
	EndGlobalSection
EndGlobal
